
Microsoft Visual Studio Solution File, Format Version 12.00
# Visual Studio Version 17
VisualStudioVersion = 17.4.33205.214
MinimumVisualStudioVersion = 10.0.40219.1
Project("{FAE04EC0-301F-11D3-BF4B-00C04F79EFBC}") = "applicationtest", "applicationtest\applicationtest.csproj", "{E23D85FD-CFDE-45DA-BE73-53265B1176C6}"
EndProject
Global
	GlobalSection(SolutionConfigurationPlatforms) = preSolution
		Debug|Any CPU = Debug|Any CPU
		Release|Any CPU = Release|Any CPU
	EndGlobalSection
	GlobalSection(ProjectConfigurationPlatforms) = postSolution
		{E23D85FD-CFDE-45DA-BE73-53265B1176C6}.Debug|Any CPU.ActiveCfg = Debug|Any CPU
		{E23D85FD-CFDE-45DA-BE73-53265B1176C6}.Debug|Any CPU.Build.0 = Debug|Any CPU
		{E23D85FD-CFDE-45DA-BE73-53265B1176C6}.Release|Any CPU.ActiveCfg = Release|Any CPU
		{E23D85FD-CFDE-45DA-BE73-53265B1176C6}.Release|Any CPU.Build.0 = Release|Any CPU
	EndGlobalSection
	GlobalSection(SolutionProperties) = preSolution
		HideSolutionNode = FALSE
	EndGlobalSection
	GlobalSection(ExtensibilityGlobals) = postSolution
		SolutionGuid = {C5A9F6E5-C2C2-4E17-B0D0-59F9038B7FDA}
	EndGlobalSection
EndGlobal
